
Microsoft Visual Studio Solution File, Format Version 12.00
Project("{FAE04EC0-301F-11D3-BF4B-00C04F79EFBC}") = "WebDriverManager", "WebDriverManager\WebDriverManager.csproj", "{4AB1A17E-F75F-4A23-B986-7C3DE797B068}"
EndProject
Project("{FAE04EC0-301F-11D3-BF4B-00C04F79EFBC}") = "WebDriverManager.Tests", "WebDriverManager.Tests\WebDriverManager.Tests.csproj", "{9C18F531-D338-4610-8CE7-697D7C7DE225}"
EndProject
Global
	GlobalSection(SolutionConfigurationPlatforms) = preSolution
		Debug|Any CPU = Debug|Any CPU
		Release|Any CPU = Release|Any CPU
	EndGlobalSection
	GlobalSection(ProjectConfigurationPlatforms) = postSolution
		{4AB1A17E-F75F-4A23-B986-7C3DE797B068}.Debug|Any CPU.ActiveCfg = Debug|Any CPU
		{4AB1A17E-F75F-4A23-B986-7C3DE797B068}.Debug|Any CPU.Build.0 = Debug|Any CPU
		{4AB1A17E-F75F-4A23-B986-7C3DE797B068}.Release|Any CPU.ActiveCfg = Release|Any CPU
		{4AB1A17E-F75F-4A23-B986-7C3DE797B068}.Release|Any CPU.Build.0 = Release|Any CPU
		{9C18F531-D338-4610-8CE7-697D7C7DE225}.Debug|Any CPU.ActiveCfg = Debug|Any CPU
		{9C18F531-D338-4610-8CE7-697D7C7DE225}.Debug|Any CPU.Build.0 = Debug|Any CPU
		{9C18F531-D338-4610-8CE7-697D7C7DE225}.Release|Any CPU.ActiveCfg = Release|Any CPU
		{9C18F531-D338-4610-8CE7-697D7C7DE225}.Release|Any CPU.Build.0 = Release|Any CPU
	EndGlobalSection
EndGlobal
